{
  "version": 4,
  "terraform_version": "1.9.8",
  "serial": 65,
  "lineage": "8bb040eb-1ace-a2c5-a8a5-1aeec77ab50f",
  "outputs": {},
  "resources": [
    {
      "mode": "managed",
      "type": "azurerm_network_security_group",
      "name": "nsg",
      "provider": "provider[\"registry.terraform.io/hashicorp/azurerm\"]",
      "instances": [
        {
          "schema_version": 0,
          "attributes": {
            "id": "/subscriptions/445332c4-72cb-46a2-8cf3-8f396dc088ae/resourceGroups/sunil_terraform_lwRG/providers/Microsoft.Network/networkSecurityGroups/nsg_lw",
            "location": "northcentralus",
            "name": "nsg_lw",
            "resource_group_name": "sunil_terraform_lwRG",
            "security_rule": [
              {
                "access": "Allow",
                "description": "",
                "destination_address_prefix": "*",
                "destination_address_prefixes": [],
                "destination_application_security_group_ids": [],
                "destination_port_range": "22",
                "destination_port_ranges": [],
                "direction": "Inbound",
                "name": "sshport",
                "priority": 100,
                "protocol": "Tcp",
                "source_address_prefix": "*",
                "source_address_prefixes": [],
                "source_application_security_group_ids": [],
                "source_port_range": "*",
                "source_port_ranges": []
              }
            ],
            "tags": null,
            "timeouts": null
          },
          "sensitive_attributes": [],
          "private": "eyJlMmJmYjczMC1lY2FhLTExZTYtOGY4OC0zNDM2M2JjN2M0YzAiOnsiY3JlYXRlIjoxODAwMDAwMDAwMDAwLCJkZWxldGUiOjE4MDAwMDAwMDAwMDAsInJlYWQiOjMwMDAwMDAwMDAwMCwidXBkYXRlIjoxODAwMDAwMDAwMDAwfX0=",
          "dependencies": [
            "azurerm_resource_group.ARG"
          ]
        }
      ]
    },
    {
      "mode": "managed",
      "type": "azurerm_public_ip",
      "name": "pip",
      "provider": "provider[\"registry.terraform.io/hashicorp/azurerm\"]",
      "instances": [
        {
          "schema_version": 0,
          "attributes": {
            "allocation_method": "Static",
            "ddos_protection_mode": "VirtualNetworkInherited",
            "ddos_protection_plan_id": null,
            "domain_name_label": null,
            "edge_zone": "",
            "fqdn": null,
            "id": "/subscriptions/445332c4-72cb-46a2-8cf3-8f396dc088ae/resourceGroups/sunil_terraform_lwRG/providers/Microsoft.Network/publicIPAddresses/pip_lw",
            "idle_timeout_in_minutes": 4,
            "ip_address": "172.183.137.90",
            "ip_tags": null,
            "ip_version": "IPv4",
            "location": "northcentralus",
            "name": "pip_lw",
            "public_ip_prefix_id": null,
            "resource_group_name": "sunil_terraform_lwRG",
            "reverse_fqdn": null,
            "sku": "Basic",
            "sku_tier": "Regional",
            "tags": null,
            "timeouts": null,
            "zones": null
          },
          "sensitive_attributes": [],
          "private": "eyJlMmJmYjczMC1lY2FhLTExZTYtOGY4OC0zNDM2M2JjN2M0YzAiOnsiY3JlYXRlIjoxODAwMDAwMDAwMDAwLCJkZWxldGUiOjE4MDAwMDAwMDAwMDAsInJlYWQiOjMwMDAwMDAwMDAwMCwidXBkYXRlIjoxODAwMDAwMDAwMDAwfX0=",
          "dependencies": [
            "azurerm_resource_group.ARG"
          ]
        }
      ]
    },
    {
      "mode": "managed",
      "type": "azurerm_resource_group",
      "name": "ARG",
      "provider": "provider[\"registry.terraform.io/hashicorp/azurerm\"]",
      "instances": [
        {
          "schema_version": 0,
          "attributes": {
            "id": "/subscriptions/445332c4-72cb-46a2-8cf3-8f396dc088ae/resourceGroups/sunil_terraform_lwRG",
            "location": "northcentralus",
            "managed_by": "",
            "name": "sunil_terraform_lwRG",
            "tags": null,
            "timeouts": null
          },
          "sensitive_attributes": [],
          "private": "eyJlMmJmYjczMC1lY2FhLTExZTYtOGY4OC0zNDM2M2JjN2M0YzAiOnsiY3JlYXRlIjo1NDAwMDAwMDAwMDAwLCJkZWxldGUiOjU0MDAwMDAwMDAwMDAsInJlYWQiOjMwMDAwMDAwMDAwMCwidXBkYXRlIjo1NDAwMDAwMDAwMDAwfX0="
        }
      ]
    },
    {
      "mode": "managed",
      "type": "azurerm_ssh_public_key",
      "name": "ssh",
      "provider": "provider[\"registry.terraform.io/hashicorp/azurerm\"]",
      "instances": [
        {
          "schema_version": 0,
          "attributes": {
            "id": "/subscriptions/445332c4-72cb-46a2-8cf3-8f396dc088ae/resourceGroups/sunil_terraform_lwRG/providers/Microsoft.Compute/sshPublicKeys/ssh_key",
            "location": "northcentralus",
            "name": "ssh_key",
            "public_key": "ssh-rsa AAAAB3NzaC1yc2EAAAADAQABAAACAQDN/TePkFQqs7Yrlcfc/Ogkb8qJD0l7rjF3LDCUpVM4GnVuuxbH8C342gQUM44wo5W0SunDFFLzTM2es278D3Z3oLbqm61rBjEFsiUzMT+MVkvGrWrDJVkkUESz+9kaXCfq5aR+YIxEEUrUHmskA6C/LFjVrfWbcurmNwWq77oOUU59mDbIc+vGEd7ptIgj3/9tIwF6jfwr7kyhzoRZFMJPqiiX2Q/wsn+mojwJA/V44d6cCNo+6PDXiVN6IXJPqgIRAjnskboRT7sjypy5TKBxOtmXpsEE0NARwn1QITxVU4aqcdfZ8ilXJy47Ge4SzRX4DF5uNiChClShPrMD2LJsMgJSqgxGo0RZqVUBGjIrJn/+DJcUpLrpyj4kVxtfpneaX2g5AqES2vvREQ8NNPs3k9c/NfXzOEQq8RXdi2X8M9sUpcD8sL2SacddDGSoZYQsoCGNkjhhtiaysm2x9s/ptL6u4kcLFq94r1xyPoDJKnEf7PCLeMmRiQMsZx/K9xMyzo9wHtBQLiKdC0wftmRQeOUyKCiVyxvDKImwvIxftZmyJcyDmsrZinD0IiS8T1k/yeB3bCHHiIPeOm6tdmuYzr1REbixeaZTWC8GB2P3HyFfr0c2H4uyjEmBSc+H/plE4BT34S62cZXhXwDmkfsl4hm9gyYhsz0Dyw3j8tcLDw== sunilkumarshettimani678@gmail.com\n",
            "resource_group_name": "sunil_terraform_lwRG",
            "tags": null,
            "timeouts": null
          },
          "sensitive_attributes": [],
          "private": "eyJlMmJmYjczMC1lY2FhLTExZTYtOGY4OC0zNDM2M2JjN2M0YzAiOnsiY3JlYXRlIjoyNzAwMDAwMDAwMDAwLCJkZWxldGUiOjI3MDAwMDAwMDAwMDAsInJlYWQiOjMwMDAwMDAwMDAwMCwidXBkYXRlIjoyNzAwMDAwMDAwMDAwfX0=",
          "dependencies": [
            "azurerm_resource_group.ARG"
          ]
        }
      ]
    },
    {
      "mode": "managed",
      "type": "azurerm_virtual_network",
      "name": "s_vnet",
      "provider": "provider[\"registry.terraform.io/hashicorp/azurerm\"]",
      "instances": [
        {
          "schema_version": 0,
          "attributes": {
            "address_space": [
              "10.2.0.0/16"
            ],
            "bgp_community": "",
            "ddos_protection_plan": [],
            "dns_servers": [],
            "edge_zone": "",
            "encryption": [],
            "flow_timeout_in_minutes": 0,
            "guid": "4774b034-f296-4d66-acca-9b8fc4c185ef",
            "id": "/subscriptions/445332c4-72cb-46a2-8cf3-8f396dc088ae/resourceGroups/sunil_terraform_lwRG/providers/Microsoft.Network/virtualNetworks/sunil_vent_lw",
            "location": "northcentralus",
            "name": "sunil_vent_lw",
            "resource_group_name": "sunil_terraform_lwRG",
            "subnet": [],
            "tags": null,
            "timeouts": null
          },
          "sensitive_attributes": [],
          "private": "eyJlMmJmYjczMC1lY2FhLTExZTYtOGY4OC0zNDM2M2JjN2M0YzAiOnsiY3JlYXRlIjoxODAwMDAwMDAwMDAwLCJkZWxldGUiOjE4MDAwMDAwMDAwMDAsInJlYWQiOjMwMDAwMDAwMDAwMCwidXBkYXRlIjoxODAwMDAwMDAwMDAwfX0=",
          "dependencies": [
            "azurerm_resource_group.ARG"
          ]
        }
      ]
    }
  ],
  "check_results": null
}
