{
  "version": 4,
  "terraform_version": "1.9.8",
  "serial": 47,
  "lineage": "f5ec722c-bcf0-6aa8-0579-8b49606f6faa",
  "outputs": {},
  "resources": [
    {
      "mode": "managed",
      "type": "local_file",
      "name": "ex_test1",
      "provider": "provider[\"registry.terraform.io/hashicorp/local\"]",
      "instances": [
        {
          "schema_version": 0,
          "attributes": {
            "content": "HHHHH KKKKKKK",
            "content_base64": null,
            "content_base64sha256": "aGhHYpj/h+//C4yH5UWI4GgRiPJQEY6kbegeUyb5VBY=",
            "content_base64sha512": "plWJ1vlCR5n+n3MAHT6LlMJePZdFzGtfUDaEmvvdeECR4DD4ro2PFQowXOGufpc1M7M6lphdaV72r+sObXhTwA==",
            "content_md5": "f0ef52d192db489626f75bf87c5c7156",
            "content_sha1": "9345f5d3fd310571b6179fe208bb65c56dea5caa",
            "content_sha256": "6868476298ff87efff0b8c87e54588e0681188f250118ea46de81e5326f95416",
            "content_sha512": "a65589d6f9424799fe9f73001d3e8b94c25e3d9745cc6b5f5036849afbdd784091e030f8ae8d8f150a305ce1ae7e973533b33a96985d695ef6afeb0e6d7853c0",
            "directory_permission": "0777",
            "file_permission": "0777",
            "filename": "f12.txt",
            "id": "9345f5d3fd310571b6179fe208bb65c56dea5caa",
            "sensitive_content": null,
            "source": null
          },
          "sensitive_attributes": [
            [
              {
                "type": "get_attr",
                "value": "sensitive_content"
              }
            ]
          ],
          "dependencies": [
            "local_file.ex_test2",
            "local_file.ex_test3"
          ]
        }
      ]
    },
    {
      "mode": "managed",
      "type": "local_file",
      "name": "ex_test2",
      "provider": "provider[\"registry.terraform.io/hashicorp/local\"]",
      "instances": [
        {
          "schema_version": 0,
          "attributes": {
            "content": " llllllll oooooooo ppppppppp",
            "content_base64": null,
            "content_base64sha256": "4SmtHevmpkJXeWS3YzDVKq3qjB8lOr6rmXOCAW+cv5c=",
            "content_base64sha512": "nRNhwAGDDZ7JcRYalf5vVO/EmFAdEdsnZX5YCg/Yzuvb8DRkEmhQUmfvoQQUHK5jFmT8Tr3/Ant8PVGHKfeDww==",
            "content_md5": "69b5c36f4829ebeb26159a5f2d2f8107",
            "content_sha1": "096113e9036c86173fe7ac516da31919737b984a",
            "content_sha256": "e129ad1debe6a642577964b76330d52aadea8c1f253abeab997382016f9cbf97",
            "content_sha512": "9d1361c001830d9ec971161a95fe6f54efc498501d11db27657e580a0fd8ceebdbf034641268505267efa104141cae631664fc4ebdff027b7c3d518729f783c3",
            "directory_permission": "0777",
            "file_permission": "0777",
            "filename": "f13.txt",
            "id": "096113e9036c86173fe7ac516da31919737b984a",
            "sensitive_content": null,
            "source": null
          },
          "sensitive_attributes": [
            [
              {
                "type": "get_attr",
                "value": "sensitive_content"
              }
            ]
          ]
        }
      ]
    },
    {
      "mode": "managed",
      "type": "local_file",
      "name": "ex_test3",
      "provider": "provider[\"registry.terraform.io/hashicorp/local\"]",
      "instances": [
        {
          "schema_version": 0,
          "attributes": {
            "content": " llllllll oooooooo ppppppppp",
            "content_base64": null,
            "content_base64sha256": "4SmtHevmpkJXeWS3YzDVKq3qjB8lOr6rmXOCAW+cv5c=",
            "content_base64sha512": "nRNhwAGDDZ7JcRYalf5vVO/EmFAdEdsnZX5YCg/Yzuvb8DRkEmhQUmfvoQQUHK5jFmT8Tr3/Ant8PVGHKfeDww==",
            "content_md5": "69b5c36f4829ebeb26159a5f2d2f8107",
            "content_sha1": "096113e9036c86173fe7ac516da31919737b984a",
            "content_sha256": "e129ad1debe6a642577964b76330d52aadea8c1f253abeab997382016f9cbf97",
            "content_sha512": "9d1361c001830d9ec971161a95fe6f54efc498501d11db27657e580a0fd8ceebdbf034641268505267efa104141cae631664fc4ebdff027b7c3d518729f783c3",
            "directory_permission": "0777",
            "file_permission": "0777",
            "filename": "f14.txt",
            "id": "096113e9036c86173fe7ac516da31919737b984a",
            "sensitive_content": null,
            "source": null
          },
          "sensitive_attributes": [
            [
              {
                "type": "get_attr",
                "value": "sensitive_content"
              }
            ]
          ]
        }
      ]
    },
    {
      "mode": "managed",
      "type": "local_file",
      "name": "r1",
      "provider": "provider[\"registry.terraform.io/hashicorp/local\"]",
      "instances": [
        {
          "schema_version": 0,
          "attributes": {
            "content": "this is res 1",
            "content_base64": null,
            "content_base64sha256": "criTcbGAb5ICPoe40ExkqzakRPY4kwheXTTCt+VZwOw=",
            "content_base64sha512": "+fNv8F+61pdxV2ReGm62Ga0jvQZoBc7d+809sslBsLT3aZyWv0cMVSCM5NvidwzzIWXRbzi2YD1M1osm6owPrw==",
            "content_md5": "1bdcf0c31c26aa600be2161de8b0cb6d",
            "content_sha1": "da3ba3a9dc13cc38399d412753beb99c05216976",
            "content_sha256": "72b89371b1806f92023e87b8d04c64ab36a444f63893085e5d34c2b7e559c0ec",
            "content_sha512": "f9f36ff05fbad6977157645e1a6eb619ad23bd066805ceddfbcd3db2c941b0b4f7699c96bf470c55208ce4dbe2770cf32165d16f38b6603d4cd68b26ea8c0faf",
            "directory_permission": "0777",
            "file_permission": "0777",
            "filename": "this is res 2",
            "id": "da3ba3a9dc13cc38399d412753beb99c05216976",
            "sensitive_content": null,
            "source": null
          },
          "sensitive_attributes": [
            [
              {
                "type": "get_attr",
                "value": "sensitive_content"
              }
            ]
          ],
          "dependencies": [
            "local_file.r2"
          ]
        }
      ]
    },
    {
      "mode": "managed",
      "type": "local_file",
      "name": "r2",
      "provider": "provider[\"registry.terraform.io/hashicorp/local\"]",
      "instances": [
        {
          "schema_version": 0,
          "attributes": {
            "content": "this is res 2",
            "content_base64": null,
            "content_base64sha256": "SoMUN/dfavF/PdlUo35nyC+wOpsvdGIrvGA+XBviWag=",
            "content_base64sha512": "9rldzxjoeo7+ry8xxK3pBsL37oRGyVG9VerX0v4Svv4B3XsbdoGoStdkBT7R1RKmS4LAtBOnHRY+21pCqbdNZQ==",
            "content_md5": "bd9c63ce22aa517bdd7381a3d4d6b21a",
            "content_sha1": "e74c1e4149322267a79e8dd83aea899888f62c1e",
            "content_sha256": "4a831437f75f6af17f3dd954a37e67c82fb03a9b2f74622bbc603e5c1be259a8",
            "content_sha512": "f6b95dcf18e87a8efeaf2f31c4ade906c2f7ee8446c951bd55ead7d2fe12befe01dd7b1b7681a84ad764053ed1d512a64b82c0b413a71d163edb5a42a9b74d65",
            "directory_permission": "0777",
            "file_permission": "0777",
            "filename": "abc",
            "id": "e74c1e4149322267a79e8dd83aea899888f62c1e",
            "sensitive_content": null,
            "source": null
          },
          "sensitive_attributes": [
            [
              {
                "type": "get_attr",
                "value": "sensitive_content"
              }
            ]
          ]
        }
      ]
    },
    {
      "mode": "managed",
      "type": "random_string",
      "name": "r3",
      "provider": "provider[\"registry.terraform.io/hashicorp/random\"]",
      "instances": [
        {
          "schema_version": 2,
          "attributes": {
            "id": "oRi1",
            "keepers": null,
            "length": 4,
            "lower": true,
            "min_lower": 0,
            "min_numeric": 0,
            "min_special": 0,
            "min_upper": 0,
            "number": true,
            "numeric": true,
            "override_special": "this is res 1",
            "result": "oRi1",
            "special": true,
            "upper": true
          },
          "sensitive_attributes": [],
          "dependencies": [
            "local_file.r1",
            "local_file.r2"
          ]
        }
      ]
    }
  ],
  "check_results": null
}
