{
  "version": 4,
  "terraform_version": "1.9.6",
  "serial": 13,
  "lineage": "01268f09-7ed3-c822-e02d-5f6331f0c545",
  "outputs": {},
  "resources": [
    {
      "mode": "managed",
      "type": "local_file",
      "name": "r1",
      "provider": "provider[\"registry.terraform.io/hashicorp/local\"]",
      "instances": [
        {
          "schema_version": 0,
          "attributes": {
            "content": "this is res 1",
            "content_base64": null,
            "content_base64sha256": "criTcbGAb5ICPoe40ExkqzakRPY4kwheXTTCt+VZwOw=",
            "content_base64sha512": "+fNv8F+61pdxV2ReGm62Ga0jvQZoBc7d+809sslBsLT3aZyWv0cMVSCM5NvidwzzIWXRbzi2YD1M1osm6owPrw==",
            "content_md5": "1bdcf0c31c26aa600be2161de8b0cb6d",
            "content_sha1": "da3ba3a9dc13cc38399d412753beb99c05216976",
            "content_sha256": "72b89371b1806f92023e87b8d04c64ab36a444f63893085e5d34c2b7e559c0ec",
            "content_sha512": "f9f36ff05fbad6977157645e1a6eb619ad23bd066805ceddfbcd3db2c941b0b4f7699c96bf470c55208ce4dbe2770cf32165d16f38b6603d4cd68b26ea8c0faf",
            "directory_permission": "0777",
            "file_permission": "0777",
            "filename": "first_create10.txt",
            "id": "da3ba3a9dc13cc38399d412753beb99c05216976",
            "sensitive_content": null,
            "source": null
          },
          "sensitive_attributes": [
            [
              {
                "type": "get_attr",
                "value": "sensitive_content"
              }
            ]
          ],
          "create_before_destroy": true
        }
      ]
    },
    {
      "mode": "managed",
      "type": "local_file",
      "name": "r2",
      "provider": "provider[\"registry.terraform.io/hashicorp/local\"]",
      "instances": [
        {
          "schema_version": 0,
          "attributes": {
            "content": "this is res 2",
            "content_base64": null,
            "content_base64sha256": "SoMUN/dfavF/PdlUo35nyC+wOpsvdGIrvGA+XBviWag=",
            "content_base64sha512": "9rldzxjoeo7+ry8xxK3pBsL37oRGyVG9VerX0v4Svv4B3XsbdoGoStdkBT7R1RKmS4LAtBOnHRY+21pCqbdNZQ==",
            "content_md5": "bd9c63ce22aa517bdd7381a3d4d6b21a",
            "content_sha1": "e74c1e4149322267a79e8dd83aea899888f62c1e",
            "content_sha256": "4a831437f75f6af17f3dd954a37e67c82fb03a9b2f74622bbc603e5c1be259a8",
            "content_sha512": "f6b95dcf18e87a8efeaf2f31c4ade906c2f7ee8446c951bd55ead7d2fe12befe01dd7b1b7681a84ad764053ed1d512a64b82c0b413a71d163edb5a42a9b74d65",
            "directory_permission": "0777",
            "file_permission": "0777",
            "filename": "second_create20.txt",
            "id": "e74c1e4149322267a79e8dd83aea899888f62c1e",
            "sensitive_content": null,
            "source": null
          },
          "sensitive_attributes": [
            [
              {
                "type": "get_attr",
                "value": "sensitive_content"
              }
            ]
          ],
          "create_before_destroy": true
        }
      ]
    }
  ],
  "check_results": null
}
