{
  "version": 4,
  "terraform_version": "1.9.8",
  "serial": 7,
  "lineage": "d15e2b13-3739-db92-5948-6d98cf5767dc",
  "outputs": {
    "adminpwd": {
      "value": "mEkPcyg6VQXXCd1F9M15E1ro7gBl0AUMwVtH+PJAxC+ACRAmWjdB",
      "type": "string",
      "sensitive": true
    }
  },
  "resources": [
    {
      "mode": "data",
      "type": "azurerm_container_registry_scope_map",
      "name": "scope",
      "provider": "provider[\"registry.terraform.io/hashicorp/azurerm\"]",
      "instances": [
        {
          "schema_version": 0,
          "attributes": {
            "actions": [
              "repositories/*/content/read"
            ],
            "container_registry_name": "sunilacr08",
            "description": "Can pull any repository of the registry",
            "id": "/subscriptions/445332c4-72cb-46a2-8cf3-8f396dc088ae/resourceGroups/sunil_rg/providers/Microsoft.ContainerRegistry/registries/sunilacr08/scopeMaps/_repositories_pull",
            "name": "_repositories_pull",
            "resource_group_name": "sunil_rg",
            "timeouts": null
          },
          "sensitive_attributes": []
        }
      ]
    },
    {
      "mode": "data",
      "type": "azurerm_resource_group",
      "name": "registry",
      "provider": "provider[\"registry.terraform.io/hashicorp/azurerm\"]",
      "instances": [
        {
          "schema_version": 0,
          "attributes": {
            "id": "/subscriptions/445332c4-72cb-46a2-8cf3-8f396dc088ae/resourceGroups/sunil_rg",
            "location": "northcentralus",
            "managed_by": "",
            "name": "sunil_rg",
            "tags": {},
            "timeouts": null
          },
          "sensitive_attributes": []
        }
      ]
    },
    {
      "mode": "managed",
      "type": "azurerm_container_registry",
      "name": "tfreg",
      "provider": "provider[\"registry.terraform.io/hashicorp/azurerm\"]",
      "instances": [
        {
          "schema_version": 2,
          "attributes": {
            "admin_enabled": true,
            "admin_password": "mEkPcyg6VQXXCd1F9M15E1ro7gBl0AUMwVtH+PJAxC+ACRAmWjdB",
            "admin_username": "sunilacr08",
            "anonymous_pull_enabled": false,
            "data_endpoint_enabled": false,
            "encryption": [
              {
                "enabled": false,
                "identity_client_id": "",
                "key_vault_key_id": ""
              }
            ],
            "export_policy_enabled": true,
            "georeplications": [],
            "id": "/subscriptions/445332c4-72cb-46a2-8cf3-8f396dc088ae/resourceGroups/sunil_rg/providers/Microsoft.ContainerRegistry/registries/sunilacr08",
            "identity": [],
            "location": "northcentralus",
            "login_server": "sunilacr08.azurecr.io",
            "name": "sunilacr08",
            "network_rule_bypass_option": "AzureServices",
            "network_rule_set": [
              {
                "default_action": "Allow",
                "ip_rule": [],
                "virtual_network": []
              }
            ],
            "public_network_access_enabled": true,
            "quarantine_policy_enabled": false,
            "resource_group_name": "sunil_rg",
            "retention_policy": [
              {
                "days": 7,
                "enabled": false
              }
            ],
            "sku": "Premium",
            "tags": {},
            "timeouts": null,
            "trust_policy": [
              {
                "enabled": false
              }
            ],
            "zone_redundancy_enabled": false
          },
          "sensitive_attributes": [
            [
              {
                "type": "get_attr",
                "value": "admin_password"
              }
            ]
          ],
          "private": "eyJlMmJmYjczMC1lY2FhLTExZTYtOGY4OC0zNDM2M2JjN2M0YzAiOnsiY3JlYXRlIjoxODAwMDAwMDAwMDAwLCJkZWxldGUiOjE4MDAwMDAwMDAwMDAsInJlYWQiOjMwMDAwMDAwMDAwMCwidXBkYXRlIjoxODAwMDAwMDAwMDAwfSwic2NoZW1hX3ZlcnNpb24iOiIyIn0=",
          "dependencies": [
            "data.azurerm_resource_group.registry"
          ]
        }
      ]
    },
    {
      "mode": "managed",
      "type": "azurerm_container_registry_token",
      "name": "token",
      "provider": "provider[\"registry.terraform.io/hashicorp/azurerm\"]",
      "instances": [
        {
          "schema_version": 0,
          "attributes": {
            "container_registry_name": "sunilacr08",
            "enabled": true,
            "id": "/subscriptions/445332c4-72cb-46a2-8cf3-8f396dc088ae/resourceGroups/sunil_rg/providers/Microsoft.ContainerRegistry/registries/sunilacr08/tokens/token123",
            "name": "token123",
            "resource_group_name": "sunil_rg",
            "scope_map_id": "/subscriptions/445332c4-72cb-46a2-8cf3-8f396dc088ae/resourceGroups/sunil_rg/providers/Microsoft.ContainerRegistry/registries/sunilacr08/scopeMaps/_repositories_pull",
            "timeouts": null
          },
          "sensitive_attributes": [],
          "private": "eyJlMmJmYjczMC1lY2FhLTExZTYtOGY4OC0zNDM2M2JjN2M0YzAiOnsiY3JlYXRlIjoxODAwMDAwMDAwMDAwLCJkZWxldGUiOjE4MDAwMDAwMDAwMDAsInJlYWQiOjMwMDAwMDAwMDAwMCwidXBkYXRlIjoxODAwMDAwMDAwMDAwfX0=",
          "dependencies": [
            "azurerm_container_registry.tfreg",
            "data.azurerm_container_registry_scope_map.scope",
            "data.azurerm_resource_group.registry"
          ]
        }
      ]
    },
    {
      "mode": "managed",
      "type": "azurerm_container_registry_token_password",
      "name": "pwd",
      "provider": "provider[\"registry.terraform.io/hashicorp/azurerm\"]",
      "instances": [
        {
          "schema_version": 0,
          "attributes": {
            "container_registry_token_id": "/subscriptions/445332c4-72cb-46a2-8cf3-8f396dc088ae/resourceGroups/sunil_rg/providers/Microsoft.ContainerRegistry/registries/sunilacr08/tokens/token123",
            "id": "/subscriptions/445332c4-72cb-46a2-8cf3-8f396dc088ae/resourceGroups/sunil_rg/providers/Microsoft.ContainerRegistry/registries/sunilacr08/tokens/token123/passwords/password",
            "password1": [
              {
                "expiry": "2024-11-11T09:57:36+00:00",
                "value": "ImEKXkqa4VCH4XOHPR8D6re0ue0TuEm6rUA372T61t+ACRCvp2bH"
              }
            ],
            "password2": [],
            "timeouts": null
          },
          "sensitive_attributes": [
            [
              {
                "type": "get_attr",
                "value": "password1"
              },
              {
                "type": "index",
                "value": {
                  "value": 0,
                  "type": "number"
                }
              },
              {
                "type": "get_attr",
                "value": "value"
              }
            ]
          ],
          "private": "eyJlMmJmYjczMC1lY2FhLTExZTYtOGY4OC0zNDM2M2JjN2M0YzAiOnsiY3JlYXRlIjoxODAwMDAwMDAwMDAwLCJkZWxldGUiOjE4MDAwMDAwMDAwMDAsInJlYWQiOjMwMDAwMDAwMDAwMCwidXBkYXRlIjoxODAwMDAwMDAwMDAwfX0=",
          "dependencies": [
            "azurerm_container_registry.tfreg",
            "azurerm_container_registry_token.token",
            "data.azurerm_container_registry_scope_map.scope",
            "data.azurerm_resource_group.registry"
          ]
        }
      ]
    }
  ],
  "check_results": null
}
