{
  "version": 4,
  "terraform_version": "1.9.6",
  "serial": 70,
  "lineage": "2f1b594e-9b3a-6e7b-5564-8231ec7d3d0e",
  "outputs": {
    "f3": {
      "value": {
        "L1": {
          "id": "Ib3",
          "keepers": null,
          "length": 3,
          "lower": true,
          "min_lower": 0,
          "min_numeric": 0,
          "min_special": 0,
          "min_upper": 0,
          "number": true,
          "numeric": true,
          "override_special": "Hello FOREACH",
          "result": "Ib3",
          "special": true,
          "upper": true
        },
        "L2": {
          "id": "wXT",
          "keepers": null,
          "length": 3,
          "lower": true,
          "min_lower": 0,
          "min_numeric": 0,
          "min_special": 0,
          "min_upper": 0,
          "number": true,
          "numeric": true,
          "override_special": "Hello FOREACH",
          "result": "wXT",
          "special": true,
          "upper": true
        },
        "L3": {
          "id": "HAh",
          "keepers": null,
          "length": 3,
          "lower": true,
          "min_lower": 0,
          "min_numeric": 0,
          "min_special": 0,
          "min_upper": 0,
          "number": true,
          "numeric": true,
          "override_special": "Hello FOREACH",
          "result": "HAh",
          "special": true,
          "upper": true
        }
      },
      "type": [
        "object",
        {
          "L1": [
            "object",
            {
              "id": "string",
              "keepers": [
                "map",
                "string"
              ],
              "length": "number",
              "lower": "bool",
              "min_lower": "number",
              "min_numeric": "number",
              "min_special": "number",
              "min_upper": "number",
              "number": "bool",
              "numeric": "bool",
              "override_special": "string",
              "result": "string",
              "special": "bool",
              "upper": "bool"
            }
          ],
          "L2": [
            "object",
            {
              "id": "string",
              "keepers": [
                "map",
                "string"
              ],
              "length": "number",
              "lower": "bool",
              "min_lower": "number",
              "min_numeric": "number",
              "min_special": "number",
              "min_upper": "number",
              "number": "bool",
              "numeric": "bool",
              "override_special": "string",
              "result": "string",
              "special": "bool",
              "upper": "bool"
            }
          ],
          "L3": [
            "object",
            {
              "id": "string",
              "keepers": [
                "map",
                "string"
              ],
              "length": "number",
              "lower": "bool",
              "min_lower": "number",
              "min_numeric": "number",
              "min_special": "number",
              "min_upper": "number",
              "number": "bool",
              "numeric": "bool",
              "override_special": "string",
              "result": "string",
              "special": "bool",
              "upper": "bool"
            }
          ]
        }
      ]
    }
  },
  "resources": [
    {
      "mode": "managed",
      "type": "local_file",
      "name": "count_loop1",
      "provider": "provider[\"registry.terraform.io/hashicorp/local\"]",
      "instances": [
        {
          "index_key": 0,
          "schema_version": 0,
          "attributes": {
            "content": "count Looping222",
            "content_base64": null,
            "content_base64sha256": "azgBErMhjFvHu/DJhpO5P1chc2TME/P9rBXunDlZCoI=",
            "content_base64sha512": "I4Cy29AwZ9PBx+QabwQxSb7cf3DkfDVVfvhwdcRzhLt5uSWYk4wIMcnhEO+pepus8+XFPFGxSgFgyIm4LpsD+g==",
            "content_md5": "449f2688690ea95d63e8cceec7de4824",
            "content_sha1": "e157eeb2c4f0baf3dd728d344c33d09867d2d7d0",
            "content_sha256": "6b380112b3218c5bc7bbf0c98693b93f57217364cc13f3fdac15ee9c39590a82",
            "content_sha512": "2380b2dbd03067d3c1c7e41a6f043149bedc7f70e47c35557ef87075c47384bb79b92598938c0831c9e110efa97a9bacf3e5c53c51b14a0160c889b82e9b03fa",
            "directory_permission": "0777",
            "file_permission": "0777",
            "filename": "A",
            "id": "e157eeb2c4f0baf3dd728d344c33d09867d2d7d0",
            "sensitive_content": null,
            "source": null
          },
          "sensitive_attributes": [
            [
              {
                "type": "get_attr",
                "value": "sensitive_content"
              }
            ]
          ]
        },
        {
          "index_key": 1,
          "schema_version": 0,
          "attributes": {
            "content": "count Looping222",
            "content_base64": null,
            "content_base64sha256": "azgBErMhjFvHu/DJhpO5P1chc2TME/P9rBXunDlZCoI=",
            "content_base64sha512": "I4Cy29AwZ9PBx+QabwQxSb7cf3DkfDVVfvhwdcRzhLt5uSWYk4wIMcnhEO+pepus8+XFPFGxSgFgyIm4LpsD+g==",
            "content_md5": "449f2688690ea95d63e8cceec7de4824",
            "content_sha1": "e157eeb2c4f0baf3dd728d344c33d09867d2d7d0",
            "content_sha256": "6b380112b3218c5bc7bbf0c98693b93f57217364cc13f3fdac15ee9c39590a82",
            "content_sha512": "2380b2dbd03067d3c1c7e41a6f043149bedc7f70e47c35557ef87075c47384bb79b92598938c0831c9e110efa97a9bacf3e5c53c51b14a0160c889b82e9b03fa",
            "directory_permission": "0777",
            "file_permission": "0777",
            "filename": "b",
            "id": "e157eeb2c4f0baf3dd728d344c33d09867d2d7d0",
            "sensitive_content": null,
            "source": null
          },
          "sensitive_attributes": [
            [
              {
                "type": "get_attr",
                "value": "sensitive_content"
              }
            ]
          ]
        },
        {
          "index_key": 2,
          "schema_version": 0,
          "attributes": {
            "content": "count Looping222",
            "content_base64": null,
            "content_base64sha256": "azgBErMhjFvHu/DJhpO5P1chc2TME/P9rBXunDlZCoI=",
            "content_base64sha512": "I4Cy29AwZ9PBx+QabwQxSb7cf3DkfDVVfvhwdcRzhLt5uSWYk4wIMcnhEO+pepus8+XFPFGxSgFgyIm4LpsD+g==",
            "content_md5": "449f2688690ea95d63e8cceec7de4824",
            "content_sha1": "e157eeb2c4f0baf3dd728d344c33d09867d2d7d0",
            "content_sha256": "6b380112b3218c5bc7bbf0c98693b93f57217364cc13f3fdac15ee9c39590a82",
            "content_sha512": "2380b2dbd03067d3c1c7e41a6f043149bedc7f70e47c35557ef87075c47384bb79b92598938c0831c9e110efa97a9bacf3e5c53c51b14a0160c889b82e9b03fa",
            "directory_permission": "0777",
            "file_permission": "0777",
            "filename": "C",
            "id": "e157eeb2c4f0baf3dd728d344c33d09867d2d7d0",
            "sensitive_content": null,
            "source": null
          },
          "sensitive_attributes": [
            [
              {
                "type": "get_attr",
                "value": "sensitive_content"
              }
            ]
          ]
        },
        {
          "index_key": 3,
          "schema_version": 0,
          "attributes": {
            "content": "count Looping222",
            "content_base64": null,
            "content_base64sha256": "azgBErMhjFvHu/DJhpO5P1chc2TME/P9rBXunDlZCoI=",
            "content_base64sha512": "I4Cy29AwZ9PBx+QabwQxSb7cf3DkfDVVfvhwdcRzhLt5uSWYk4wIMcnhEO+pepus8+XFPFGxSgFgyIm4LpsD+g==",
            "content_md5": "449f2688690ea95d63e8cceec7de4824",
            "content_sha1": "e157eeb2c4f0baf3dd728d344c33d09867d2d7d0",
            "content_sha256": "6b380112b3218c5bc7bbf0c98693b93f57217364cc13f3fdac15ee9c39590a82",
            "content_sha512": "2380b2dbd03067d3c1c7e41a6f043149bedc7f70e47c35557ef87075c47384bb79b92598938c0831c9e110efa97a9bacf3e5c53c51b14a0160c889b82e9b03fa",
            "directory_permission": "0777",
            "file_permission": "0777",
            "filename": "d",
            "id": "e157eeb2c4f0baf3dd728d344c33d09867d2d7d0",
            "sensitive_content": null,
            "source": null
          },
          "sensitive_attributes": [
            [
              {
                "type": "get_attr",
                "value": "sensitive_content"
              }
            ]
          ]
        }
      ]
    },
    {
      "mode": "managed",
      "type": "local_file",
      "name": "f5",
      "provider": "provider[\"registry.terraform.io/hashicorp/local\"]",
      "instances": [
        {
          "index_key": "ABC",
          "schema_version": 0,
          "attributes": {
            "content": "looping",
            "content_base64": null,
            "content_base64sha256": "IydjSifSvmFc5V0F5oTbsGAgq2DrkiGNgMsyivdh4DQ=",
            "content_base64sha512": "nz7nztzmwDNUbwel9M43yBUXmUzisXVriaTrMsQtRyHXUjnsvxSmP7BQ/3CMuPTFfc9jRGNjd1rEL1/aab0FiA==",
            "content_md5": "4307703b868958f5efb293a8551371f9",
            "content_sha1": "38798d19e0a18fc25d080ab18e6d8dee47b66861",
            "content_sha256": "2327634a27d2be615ce55d05e684dbb06020ab60eb92218d80cb328af761e034",
            "content_sha512": "9f3ee7cedce6c033546f07a5f4ce37c81517994ce2b1756b89a4eb32c42d4721d75239ecbf14a63fb050ff708cb8f4c57dcf63446363775ac42f5fda69bd0588",
            "directory_permission": "0777",
            "file_permission": "0777",
            "filename": "ABC",
            "id": "38798d19e0a18fc25d080ab18e6d8dee47b66861",
            "sensitive_content": null,
            "source": null
          },
          "sensitive_attributes": [
            [
              {
                "type": "get_attr",
                "value": "sensitive_content"
              }
            ]
          ]
        },
        {
          "index_key": "XYZ",
          "schema_version": 0,
          "attributes": {
            "content": "looping",
            "content_base64": null,
            "content_base64sha256": "IydjSifSvmFc5V0F5oTbsGAgq2DrkiGNgMsyivdh4DQ=",
            "content_base64sha512": "nz7nztzmwDNUbwel9M43yBUXmUzisXVriaTrMsQtRyHXUjnsvxSmP7BQ/3CMuPTFfc9jRGNjd1rEL1/aab0FiA==",
            "content_md5": "4307703b868958f5efb293a8551371f9",
            "content_sha1": "38798d19e0a18fc25d080ab18e6d8dee47b66861",
            "content_sha256": "2327634a27d2be615ce55d05e684dbb06020ab60eb92218d80cb328af761e034",
            "content_sha512": "9f3ee7cedce6c033546f07a5f4ce37c81517994ce2b1756b89a4eb32c42d4721d75239ecbf14a63fb050ff708cb8f4c57dcf63446363775ac42f5fda69bd0588",
            "directory_permission": "0777",
            "file_permission": "0777",
            "filename": "XYZ",
            "id": "38798d19e0a18fc25d080ab18e6d8dee47b66861",
            "sensitive_content": null,
            "source": null
          },
          "sensitive_attributes": [
            [
              {
                "type": "get_attr",
                "value": "sensitive_content"
              }
            ]
          ]
        }
      ]
    },
    {
      "mode": "managed",
      "type": "random_string",
      "name": "RP",
      "provider": "provider[\"registry.terraform.io/hashicorp/random\"]",
      "instances": [
        {
          "index_key": "ABC",
          "schema_version": 2,
          "attributes": {
            "id": "5TKMX",
            "keepers": null,
            "length": 5,
            "lower": true,
            "min_lower": 0,
            "min_numeric": 0,
            "min_special": 0,
            "min_upper": 0,
            "number": true,
            "numeric": true,
            "override_special": "ABC",
            "result": "5TKMX",
            "special": true,
            "upper": true
          },
          "sensitive_attributes": []
        },
        {
          "index_key": "XYZ",
          "schema_version": 2,
          "attributes": {
            "id": "GbRdl",
            "keepers": null,
            "length": 5,
            "lower": true,
            "min_lower": 0,
            "min_numeric": 0,
            "min_special": 0,
            "min_upper": 0,
            "number": true,
            "numeric": true,
            "override_special": "XYZ",
            "result": "GbRdl",
            "special": true,
            "upper": true
          },
          "sensitive_attributes": []
        }
      ]
    },
    {
      "mode": "managed",
      "type": "random_string",
      "name": "count_loop2",
      "provider": "provider[\"registry.terraform.io/hashicorp/random\"]",
      "instances": [
        {
          "index_key": 0,
          "schema_version": 2,
          "attributes": {
            "id": "iRxX",
            "keepers": null,
            "length": 4,
            "lower": true,
            "min_lower": 0,
            "min_numeric": 0,
            "min_special": 0,
            "min_upper": 0,
            "number": true,
            "numeric": true,
            "override_special": "A",
            "result": "iRxX",
            "special": true,
            "upper": true
          },
          "sensitive_attributes": []
        },
        {
          "index_key": 1,
          "schema_version": 2,
          "attributes": {
            "id": "Awyg",
            "keepers": null,
            "length": 4,
            "lower": true,
            "min_lower": 0,
            "min_numeric": 0,
            "min_special": 0,
            "min_upper": 0,
            "number": true,
            "numeric": true,
            "override_special": "b",
            "result": "Awyg",
            "special": true,
            "upper": true
          },
          "sensitive_attributes": []
        },
        {
          "index_key": 2,
          "schema_version": 2,
          "attributes": {
            "id": "Vv6G",
            "keepers": null,
            "length": 4,
            "lower": true,
            "min_lower": 0,
            "min_numeric": 0,
            "min_special": 0,
            "min_upper": 0,
            "number": true,
            "numeric": true,
            "override_special": "C",
            "result": "Vv6G",
            "special": true,
            "upper": true
          },
          "sensitive_attributes": []
        },
        {
          "index_key": 3,
          "schema_version": 2,
          "attributes": {
            "id": "60PI",
            "keepers": null,
            "length": 4,
            "lower": true,
            "min_lower": 0,
            "min_numeric": 0,
            "min_special": 0,
            "min_upper": 0,
            "number": true,
            "numeric": true,
            "override_special": "d",
            "result": "60PI",
            "special": true,
            "upper": true
          },
          "sensitive_attributes": []
        }
      ]
    },
    {
      "mode": "managed",
      "type": "random_string",
      "name": "foreach_test",
      "provider": "provider[\"registry.terraform.io/hashicorp/random\"]",
      "instances": [
        {
          "index_key": "L1",
          "schema_version": 2,
          "attributes": {
            "id": "Ib3",
            "keepers": null,
            "length": 3,
            "lower": true,
            "min_lower": 0,
            "min_numeric": 0,
            "min_special": 0,
            "min_upper": 0,
            "number": true,
            "numeric": true,
            "override_special": "Hello FOREACH",
            "result": "Ib3",
            "special": true,
            "upper": true
          },
          "sensitive_attributes": []
        },
        {
          "index_key": "L2",
          "schema_version": 2,
          "attributes": {
            "id": "wXT",
            "keepers": null,
            "length": 3,
            "lower": true,
            "min_lower": 0,
            "min_numeric": 0,
            "min_special": 0,
            "min_upper": 0,
            "number": true,
            "numeric": true,
            "override_special": "Hello FOREACH",
            "result": "wXT",
            "special": true,
            "upper": true
          },
          "sensitive_attributes": []
        },
        {
          "index_key": "L3",
          "schema_version": 2,
          "attributes": {
            "id": "HAh",
            "keepers": null,
            "length": 3,
            "lower": true,
            "min_lower": 0,
            "min_numeric": 0,
            "min_special": 0,
            "min_upper": 0,
            "number": true,
            "numeric": true,
            "override_special": "Hello FOREACH",
            "result": "HAh",
            "special": true,
            "upper": true
          },
          "sensitive_attributes": []
        }
      ]
    }
  ],
  "check_results": null
}
