{
  "version": 4,
  "terraform_version": "1.9.8",
  "serial": 10,
  "lineage": "d639b551-7acf-2d45-ee3d-64520c6e8198",
  "outputs": {
    "c1": {
      "value": "/home/sunilkumar/terraform_test/looping/content_test.txt",
      "type": "string"
    }
  },
  "resources": [
    {
      "mode": "data",
      "type": "local_file",
      "name": "data1",
      "provider": "provider[\"registry.terraform.io/hashicorp/local\"]",
      "instances": [
        {
          "schema_version": 0,
          "attributes": {
            "content": "dksnfk\nfdsjkfs\ncdkvdsvdkf\n",
            "content_base64": "ZGtzbmZrCmZkc2prZnMKY2RrdmRzdmRrZgo=",
            "content_base64sha256": "uomwgK/1hyuv+o3oDgzmN5p2P5QBQFeSUGrTlLJIYXg=",
            "content_base64sha512": "iIAaqPDiO7S04UoA3UA3kn/dOJHBQM9tQo8K7V4xWqCa7k4V8OOHHxYDs9cfjlcutZbQfLAC70qDym68gvtVCw==",
            "content_md5": "521359a5476d4c7cc0c9aaf5c0dfab19",
            "content_sha1": "a8b76a57a3953f2007843f3a70c19057a3279f10",
            "content_sha256": "ba89b080aff5872baffa8de80e0ce6379a763f9401405792506ad394b2486178",
            "content_sha512": "88801aa8f0e23bb4b4e14a00dd4037927fdd3891c140cf6d428f0aed5e315aa09aee4e15f0e3871f1603b3d71f8e572eb596d07cb002ef4a83ca6ebc82fb550b",
            "filename": "/home/sunilkumar/terraform_test/looping/content_test.txt",
            "id": "a8b76a57a3953f2007843f3a70c19057a3279f10"
          },
          "sensitive_attributes": []
        }
      ]
    },
    {
      "mode": "managed",
      "type": "local_file",
      "name": "lf1",
      "provider": "provider[\"registry.terraform.io/hashicorp/local\"]",
      "instances": [
        {
          "index_key": 0,
          "schema_version": 0,
          "attributes": {
            "content": "dksnfk\nfdsjkfs\ncdkvdsvdkf\n",
            "content_base64": null,
            "content_base64sha256": "uomwgK/1hyuv+o3oDgzmN5p2P5QBQFeSUGrTlLJIYXg=",
            "content_base64sha512": "iIAaqPDiO7S04UoA3UA3kn/dOJHBQM9tQo8K7V4xWqCa7k4V8OOHHxYDs9cfjlcutZbQfLAC70qDym68gvtVCw==",
            "content_md5": "521359a5476d4c7cc0c9aaf5c0dfab19",
            "content_sha1": "a8b76a57a3953f2007843f3a70c19057a3279f10",
            "content_sha256": "ba89b080aff5872baffa8de80e0ce6379a763f9401405792506ad394b2486178",
            "content_sha512": "88801aa8f0e23bb4b4e14a00dd4037927fdd3891c140cf6d428f0aed5e315aa09aee4e15f0e3871f1603b3d71f8e572eb596d07cb002ef4a83ca6ebc82fb550b",
            "directory_permission": "0777",
            "file_permission": "0777",
            "filename": "test1.txt",
            "id": "a8b76a57a3953f2007843f3a70c19057a3279f10",
            "sensitive_content": null,
            "source": null
          },
          "sensitive_attributes": [
            [
              {
                "type": "get_attr",
                "value": "sensitive_content"
              }
            ]
          ],
          "dependencies": [
            "data.local_file.data1"
          ]
        },
        {
          "index_key": 1,
          "schema_version": 0,
          "attributes": {
            "content": "dksnfk\nfdsjkfs\ncdkvdsvdkf\n",
            "content_base64": null,
            "content_base64sha256": "uomwgK/1hyuv+o3oDgzmN5p2P5QBQFeSUGrTlLJIYXg=",
            "content_base64sha512": "iIAaqPDiO7S04UoA3UA3kn/dOJHBQM9tQo8K7V4xWqCa7k4V8OOHHxYDs9cfjlcutZbQfLAC70qDym68gvtVCw==",
            "content_md5": "521359a5476d4c7cc0c9aaf5c0dfab19",
            "content_sha1": "a8b76a57a3953f2007843f3a70c19057a3279f10",
            "content_sha256": "ba89b080aff5872baffa8de80e0ce6379a763f9401405792506ad394b2486178",
            "content_sha512": "88801aa8f0e23bb4b4e14a00dd4037927fdd3891c140cf6d428f0aed5e315aa09aee4e15f0e3871f1603b3d71f8e572eb596d07cb002ef4a83ca6ebc82fb550b",
            "directory_permission": "0777",
            "file_permission": "0777",
            "filename": "test2.txt",
            "id": "a8b76a57a3953f2007843f3a70c19057a3279f10",
            "sensitive_content": null,
            "source": null
          },
          "sensitive_attributes": [
            [
              {
                "type": "get_attr",
                "value": "sensitive_content"
              }
            ]
          ],
          "dependencies": [
            "data.local_file.data1"
          ]
        }
      ]
    },
    {
      "mode": "managed",
      "type": "random_string",
      "name": "rs1",
      "provider": "provider[\"registry.terraform.io/hashicorp/random\"]",
      "instances": [
        {
          "schema_version": 2,
          "attributes": {
            "id": "4GLK",
            "keepers": null,
            "length": 4,
            "lower": true,
            "min_lower": 0,
            "min_numeric": 0,
            "min_special": 0,
            "min_upper": 0,
            "number": true,
            "numeric": true,
            "override_special": "KKKKKK",
            "result": "4GLK",
            "special": true,
            "upper": true
          },
          "sensitive_attributes": []
        }
      ]
    }
  ],
  "check_results": null
}
