{
  "version": 4,
  "terraform_version": "1.9.6",
  "serial": 46,
  "lineage": "1997b3d2-bc12-09ea-6363-a2502e1207f6",
  "outputs": {
    "file_id": {
      "value": "f32b67c7e26342af42efabc674d441dca0a281c5",
      "type": "string"
    }
  },
  "resources": [
    {
      "mode": "managed",
      "type": "local_file",
      "name": "autoFile",
      "provider": "provider[\"registry.terraform.io/hashicorp/local\"]",
      "instances": [
        {
          "schema_version": 0,
          "attributes": {
            "content": "this is gggg File with Exntention .txt Example ",
            "content_base64": null,
            "content_base64sha256": "XL7oYpAkMCR1dTsIeLW1sp7VysFThCBvhIQMo+AcDCA=",
            "content_base64sha512": "7FTCktvlnlxkKqSQAjp/KS1sxEcFpKatccBJBrSb9MrutMxE9PuK7R7mbTeWYkC+P6XFZ5Xx/cgrw2l/vNkpfQ==",
            "content_md5": "1ad7396c7fbe46f23d4c87e7096f984f",
            "content_sha1": "5ab56505d38a08940a4e90540102840d4fa7d84d",
            "content_sha256": "5cbee8629024302475753b0878b5b5b29ed5cac15384206f84840ca3e01c0c20",
            "content_sha512": "ec54c292dbe59e5c642aa490023a7f292d6cc44705a4a6ad71c04906b49bf4caeeb4cc44f4fb8aed1ee66d37966240be3fa5c56795f1fdc82bc3697fbcd9297d",
            "directory_permission": "0777",
            "file_permission": "0777",
            "filename": "gggg.txt",
            "id": "5ab56505d38a08940a4e90540102840d4fa7d84d",
            "sensitive_content": null,
            "source": null
          },
          "sensitive_attributes": [
            [
              {
                "type": "get_attr",
                "value": "sensitive_content"
              }
            ]
          ]
        }
      ]
    },
    {
      "mode": "managed",
      "type": "local_file",
      "name": "test6",
      "provider": "provider[\"registry.terraform.io/hashicorp/local\"]",
      "instances": [
        {
          "schema_version": 0,
          "attributes": {
            "content": "reated terraform file inside terraform resource file and inside that file created txt file7",
            "content_base64": null,
            "content_base64sha256": "sXbm6loz+6KQKFnQitnmPgsOEy8cxnzftJ0dnG8VOVc=",
            "content_base64sha512": "C2oPagQb5w++fX85+qD/qkUam4ANwFFb+ISyQ1lUGfRGIgtSiNHdZGtLDmLh8V9o4fvOuCABwrvsd+r8WWKmDQ==",
            "content_md5": "5a9c40939ffb6f171dc30090eacfe48f",
            "content_sha1": "444ea98c88a8940ae707901a17ce4347a68fbe24",
            "content_sha256": "b176e6ea5a33fba2902859d08ad9e63e0b0e132f1cc67cdfb49d1d9c6f153957",
            "content_sha512": "0b6a0f6a041be70fbe7d7f39faa0ffaa451a9b800dc0515bf884b243595419f446220b5288d1dd646b4b0e62e1f15f68e1fbceb82001c2bbec77eafc5962a60d",
            "directory_permission": "0777",
            "file_permission": "0777",
            "filename": "file123.txt",
            "id": "444ea98c88a8940ae707901a17ce4347a68fbe24",
            "sensitive_content": null,
            "source": null
          },
          "sensitive_attributes": [
            [
              {
                "type": "get_attr",
                "value": "sensitive_content"
              }
            ]
          ]
        }
      ]
    },
    {
      "mode": "managed",
      "type": "local_file",
      "name": "variable_test",
      "provider": "provider[\"registry.terraform.io/hashicorp/local\"]",
      "instances": [
        {
          "schema_version": 0,
          "attributes": {
            "content": "value",
            "content_base64": null,
            "content_base64sha256": "zUJATVKtVcz6mspK3IKKpYAK2dOFoGcfvL9yQRgyBhk=",
            "content_base64sha512": "7CyD7ey2AwTRVOvbhb369hqSvRQuccT3sloVuctfPArjAc+zVpzyQORHADE4U0i8KW2NmdCeBrJvCVkal1Jylg==",
            "content_md5": "2063c1608d6e0baf80249c42e2be5804",
            "content_sha1": "f32b67c7e26342af42efabc674d441dca0a281c5",
            "content_sha256": "cd42404d52ad55ccfa9aca4adc828aa5800ad9d385a0671fbcbf724118320619",
            "content_sha512": "ec2c83edecb60304d154ebdb85bdfaf61a92bd142e71c4f7b25a15b9cb5f3c0ae301cfb3569cf240e4470031385348bc296d8d99d09e06b26f09591a97527296",
            "directory_permission": "0777",
            "file_permission": "0777",
            "filename": "ssss.txt",
            "id": "f32b67c7e26342af42efabc674d441dca0a281c5",
            "sensitive_content": null,
            "source": null
          },
          "sensitive_attributes": [
            [
              {
                "type": "get_attr",
                "value": "sensitive_content"
              }
            ]
          ]
        }
      ]
    },
    {
      "mode": "managed",
      "type": "random_string",
      "name": "composite_tfvarsfile",
      "provider": "provider[\"registry.terraform.io/hashicorp/random\"]",
      "instances": [
        {
          "schema_version": 2,
          "attributes": {
            "id": "9vpr3TvEw7APSxI6sSLIM",
            "keepers": null,
            "length": 21,
            "lower": true,
            "min_lower": 0,
            "min_numeric": 0,
            "min_special": 0,
            "min_upper": 0,
            "number": true,
            "numeric": true,
            "override_special": "marathalli,bangalore",
            "result": "9vpr3TvEw7APSxI6sSLIM",
            "special": false,
            "upper": true
          },
          "sensitive_attributes": []
        }
      ]
    },
    {
      "mode": "managed",
      "type": "random_string",
      "name": "primitive_datatypes",
      "provider": "provider[\"registry.terraform.io/hashicorp/random\"]",
      "instances": [
        {
          "schema_version": 2,
          "attributes": {
            "id": "TsqCcc",
            "keepers": null,
            "length": 6,
            "lower": true,
            "min_lower": 0,
            "min_numeric": 0,
            "min_special": 0,
            "min_upper": 0,
            "number": true,
            "numeric": true,
            "override_special": "10 hello true Good Evening",
            "result": "TsqCcc",
            "special": true,
            "upper": true
          },
          "sensitive_attributes": []
        }
      ]
    },
    {
      "mode": "managed",
      "type": "random_string",
      "name": "random",
      "provider": "provider[\"registry.terraform.io/hashicorp/random\"]",
      "instances": [
        {
          "schema_version": 2,
          "attributes": {
            "id": " Fs2ss",
            "keepers": null,
            "length": 6,
            "lower": true,
            "min_lower": 0,
            "min_numeric": 0,
            "min_special": 0,
            "min_upper": 0,
            "number": true,
            "numeric": true,
            "override_special": "this file name is anyname.auto.tfvars using Just For Example ",
            "result": " Fs2ss",
            "special": true,
            "upper": true
          },
          "sensitive_attributes": []
        }
      ]
    },
    {
      "mode": "managed",
      "type": "random_string",
      "name": "test_composite_datatype",
      "provider": "provider[\"registry.terraform.io/hashicorp/random\"]",
      "instances": [
        {
          "schema_version": 2,
          "attributes": {
            "id": "LIQWwtaBnnVjMi7",
            "keepers": null,
            "length": 15,
            "lower": true,
            "min_lower": 0,
            "min_numeric": 0,
            "min_special": 0,
            "min_upper": 0,
            "number": true,
            "numeric": true,
            "override_special": "marathalli",
            "result": "LIQWwtaBnnVjMi7",
            "special": false,
            "upper": true
          },
          "sensitive_attributes": []
        }
      ]
    }
  ],
  "check_results": null
}
