{
  "version": 4,
  "terraform_version": "1.9.6",
  "serial": 97,
  "lineage": "5423ad61-d5ef-866b-8688-f8d0199183f9",
  "outputs": {
    "file_id": {
      "value": "f32b67c7e26342af42efabc674d441dca0a281c5",
      "type": "string"
    },
    "file_id1": {
      "value": "xIjSl2sPTv7KdPh",
      "type": "string"
    }
  },
  "resources": [
    {
      "mode": "managed",
      "type": "local_file",
      "name": "test4",
      "provider": "provider[\"registry.terraform.io/hashicorp/local\"]",
      "instances": [
        {
          "schema_version": 0,
          "attributes": {
            "content": "This is The Four File",
            "content_base64": null,
            "content_base64sha256": "LyjInPWbbHxbiPqhr1huInE4dtvTj9uIJeCzrFErfXg=",
            "content_base64sha512": "EmrEUdzFyzpFQWHvfSwl4S51AHxxoF/z5mVT3YKWqAEF80d5auNKVZ5mFovLtpty+EJIZON+IzUmQMAGJnQzpA==",
            "content_md5": "ee9eafd951e71630414aa28537f20b13",
            "content_sha1": "7803eb9fb405411e052283e8aa572ca5c9ddaa85",
            "content_sha256": "2f28c89cf59b6c7c5b88faa1af586e22713876dbd38fdb8825e0b3ac512b7d78",
            "content_sha512": "126ac451dcc5cb3a454161ef7d2c25e12e75007c71a05ff3e66553dd8296a80105f347796ae34a559e66168bcbb69b72f8424864e37e23352640c006267433a4",
            "directory_permission": "0777",
            "file_permission": "0777",
            "filename": "File4.txt",
            "id": "7803eb9fb405411e052283e8aa572ca5c9ddaa85",
            "sensitive_content": null,
            "source": null
          },
          "sensitive_attributes": [
            [
              {
                "type": "get_attr",
                "value": "sensitive_content"
              }
            ]
          ]
        }
      ]
    },
    {
      "mode": "managed",
      "type": "local_file",
      "name": "test5",
      "provider": "provider[\"registry.terraform.io/hashicorp/local\"]",
      "instances": [
        {
          "schema_version": 0,
          "attributes": {
            "content": "This is The 5th File",
            "content_base64": null,
            "content_base64sha256": "MaaUN9MUOh9VSTWG0ry1NBuxj9E8F+HbTeC8wXOgwmU=",
            "content_base64sha512": "bqqUYInTyyXiNFhWNmtUspMiXw0auYqrcl5mgkVA+MMWpJysQEnGk1Y4lVTganBm0sGb3Patq//m6XdzemGhNQ==",
            "content_md5": "bad1fbb7d9f497bc6950f336702868f4",
            "content_sha1": "835f16f92eab9a08d0cda18d8b709c9b2440be3c",
            "content_sha256": "31a69437d3143a1f55493586d2bcb5341bb18fd13c17e1db4de0bcc173a0c265",
            "content_sha512": "6eaa946089d3cb25e2345856366b54b293225f0d1ab98aab725e66824540f8c316a49cac4049c69356389554e06a7066d2c19bdcf6adabffe6e977737a61a135",
            "directory_permission": "0777",
            "file_permission": "0777",
            "filename": "File5.txt",
            "id": "835f16f92eab9a08d0cda18d8b709c9b2440be3c",
            "sensitive_content": null,
            "source": null
          },
          "sensitive_attributes": [
            [
              {
                "type": "get_attr",
                "value": "sensitive_content"
              }
            ]
          ]
        }
      ]
    },
    {
      "mode": "managed",
      "type": "local_file",
      "name": "test6",
      "provider": "provider[\"registry.terraform.io/hashicorp/local\"]",
      "instances": [
        {
          "schema_version": 0,
          "attributes": {
            "content": "reated terraform file inside terraform resource file and inside that file created txt file7",
            "content_base64": null,
            "content_base64sha256": "sXbm6loz+6KQKFnQitnmPgsOEy8cxnzftJ0dnG8VOVc=",
            "content_base64sha512": "C2oPagQb5w++fX85+qD/qkUam4ANwFFb+ISyQ1lUGfRGIgtSiNHdZGtLDmLh8V9o4fvOuCABwrvsd+r8WWKmDQ==",
            "content_md5": "5a9c40939ffb6f171dc30090eacfe48f",
            "content_sha1": "444ea98c88a8940ae707901a17ce4347a68fbe24",
            "content_sha256": "b176e6ea5a33fba2902859d08ad9e63e0b0e132f1cc67cdfb49d1d9c6f153957",
            "content_sha512": "0b6a0f6a041be70fbe7d7f39faa0ffaa451a9b800dc0515bf884b243595419f446220b5288d1dd646b4b0e62e1f15f68e1fbceb82001c2bbec77eafc5962a60d",
            "directory_permission": "0777",
            "file_permission": "0777",
            "filename": "file123.txt",
            "id": "444ea98c88a8940ae707901a17ce4347a68fbe24",
            "sensitive_content": null,
            "source": null
          },
          "sensitive_attributes": [
            [
              {
                "type": "get_attr",
                "value": "sensitive_content"
              }
            ]
          ]
        }
      ]
    },
    {
      "mode": "managed",
      "type": "local_file",
      "name": "test7",
      "provider": "provider[\"registry.terraform.io/hashicorp/local\"]",
      "instances": [
        {
          "schema_version": 0,
          "attributes": {
            "content": "\n created terraform file inside terraform resource file and inside that file created txt file7",
            "content_base64": null,
            "content_base64sha256": "wRQg5VjEAHFls9vCsZqMAg4bcTQCa5jYqAIP18OqRzc=",
            "content_base64sha512": "Wu8Vy35EzOdX+oHj7pc5A/Rp4gPtiEiWeEyqW6xm3hh0vv1J/A/HT+DoQLgnfhfsIGwErgTtwlIwX+S6CsMlyw==",
            "content_md5": "38050e78ba621d5de667ace82f17e56a",
            "content_sha1": "2c2bda219541f5cd5d4bbe7977cdc986a044e86c",
            "content_sha256": "c11420e558c4007165b3dbc2b19a8c020e1b7134026b98d8a8020fd7c3aa4737",
            "content_sha512": "5aef15cb7e44cce757fa81e3ee973903f469e203ed884896784caa5bac66de1874befd49fc0fc74fe0e840b8277e17ec206c04ae04edc252305fe4ba0ac325cb",
            "directory_permission": "0777",
            "file_permission": "0777",
            "filename": "file123.txt",
            "id": "2c2bda219541f5cd5d4bbe7977cdc986a044e86c",
            "sensitive_content": null,
            "source": null
          },
          "sensitive_attributes": [
            [
              {
                "type": "get_attr",
                "value": "sensitive_content"
              }
            ]
          ]
        }
      ]
    },
    {
      "mode": "managed",
      "type": "local_file",
      "name": "variable_test",
      "provider": "provider[\"registry.terraform.io/hashicorp/local\"]",
      "instances": [
        {
          "schema_version": 0,
          "attributes": {
            "content": "value",
            "content_base64": null,
            "content_base64sha256": "zUJATVKtVcz6mspK3IKKpYAK2dOFoGcfvL9yQRgyBhk=",
            "content_base64sha512": "7CyD7ey2AwTRVOvbhb369hqSvRQuccT3sloVuctfPArjAc+zVpzyQORHADE4U0i8KW2NmdCeBrJvCVkal1Jylg==",
            "content_md5": "2063c1608d6e0baf80249c42e2be5804",
            "content_sha1": "f32b67c7e26342af42efabc674d441dca0a281c5",
            "content_sha256": "cd42404d52ad55ccfa9aca4adc828aa5800ad9d385a0671fbcbf724118320619",
            "content_sha512": "ec2c83edecb60304d154ebdb85bdfaf61a92bd142e71c4f7b25a15b9cb5f3c0ae301cfb3569cf240e4470031385348bc296d8d99d09e06b26f09591a97527296",
            "directory_permission": "0777",
            "file_permission": "0777",
            "filename": "ssss.txt",
            "id": "f32b67c7e26342af42efabc674d441dca0a281c5",
            "sensitive_content": null,
            "source": null
          },
          "sensitive_attributes": [
            [
              {
                "type": "get_attr",
                "value": "sensitive_content"
              }
            ]
          ]
        }
      ]
    },
    {
      "mode": "managed",
      "type": "random_string",
      "name": "random",
      "provider": "provider[\"registry.terraform.io/hashicorp/random\"]",
      "instances": [
        {
          "schema_version": 2,
          "attributes": {
            "id": "xIjSl2sPTv7KdPh",
            "keepers": null,
            "length": 15,
            "lower": true,
            "min_lower": 0,
            "min_numeric": 0,
            "min_special": 0,
            "min_upper": 0,
            "number": true,
            "numeric": true,
            "override_special": "MANVITA SHETTY",
            "result": "xIjSl2sPTv7KdPh",
            "special": false,
            "upper": true
          },
          "sensitive_attributes": []
        }
      ]
    }
  ],
  "check_results": null
}
