{
  "version": 4,
  "terraform_version": "1.9.6",
  "serial": 7,
  "lineage": "295d1c68-ed02-d52e-fcae-3239af9019c3",
  "outputs": {},
  "resources": [
    {
      "module": "module.a1",
      "mode": "managed",
      "type": "local_file",
      "name": "f1",
      "provider": "provider[\"registry.terraform.io/hashicorp/local\"]",
      "instances": [
        {
          "schema_version": 0,
          "attributes": {
            "content": "jfQ\u003cSh})Aj",
            "content_base64": null,
            "content_base64sha256": "XSSv3Rzpo1VTqnvr/dtlMQ65zCOIZrYVMmHq2J3YwXo=",
            "content_base64sha512": "w9NbBC9fuORuTXi1eBRciH4ydMbJKjlKghtUlL9f81AYjmd7ktLkYWDujchk+i9Y71oMHBtWUd7Nw9YslwhwqQ==",
            "content_md5": "5e437e64c2e30c6e362dfb133364e063",
            "content_sha1": "14e781f91b42331bc33396e50d9447b2113edbe0",
            "content_sha256": "5d24afdd1ce9a35553aa7bebfddb65310eb9cc238866b6153261ead89dd8c17a",
            "content_sha512": "c3d35b042f5fb8e46e4d78b578145c887e3274c6c92a394a821b5494bf5ff350188e677b92d2e46160ee8dc864fa2f58ef5a0c1c1b5651decdc3d62c970870a9",
            "directory_permission": "0777",
            "file_permission": "0777",
            "filename": "xyz.txt",
            "id": "14e781f91b42331bc33396e50d9447b2113edbe0",
            "sensitive_content": null,
            "source": null
          },
          "sensitive_attributes": [
            [
              {
                "type": "get_attr",
                "value": "sensitive_content"
              }
            ]
          ],
          "dependencies": [
            "module.a1.random_string.r1"
          ]
        }
      ]
    },
    {
      "module": "module.a1",
      "mode": "managed",
      "type": "random_string",
      "name": "r1",
      "provider": "provider[\"registry.terraform.io/hashicorp/random\"]",
      "instances": [
        {
          "schema_version": 2,
          "attributes": {
            "id": "jfQ\u003cSh})Aj",
            "keepers": null,
            "length": 10,
            "lower": true,
            "min_lower": 0,
            "min_numeric": 0,
            "min_special": 0,
            "min_upper": 0,
            "number": true,
            "numeric": true,
            "override_special": null,
            "result": "jfQ\u003cSh})Aj",
            "special": true,
            "upper": true
          },
          "sensitive_attributes": []
        }
      ]
    },
    {
      "module": "module.a2",
      "mode": "managed",
      "type": "local_file",
      "name": "f1",
      "provider": "provider[\"registry.terraform.io/hashicorp/local\"]",
      "instances": [
        {
          "schema_version": 0,
          "attributes": {
            "content": "s3Uk)(1Z0=fssH!Pl9HJ50XhdRSnEO",
            "content_base64": null,
            "content_base64sha256": "kQ43wDBg9gNGnHNuYq74E6yz76O/YhCG6OUWr1sxyjI=",
            "content_base64sha512": "UYrGfhEnhj1LDUMhZlXwGeENm+cCm1UIjXOE04MEggr76scYwmkSleynPxVvhQ1GRUnysEm/F9O66MjgzUlnSg==",
            "content_md5": "1be62f90df88bde8128eb163427221b9",
            "content_sha1": "e926584f03672e58012ea5b3125af58b27877383",
            "content_sha256": "910e37c03060f603469c736e62aef813acb3efa3bf621086e8e516af5b31ca32",
            "content_sha512": "518ac67e1127863d4b0d43216655f019e10d9be7029b55088d7384d38304820afbeac718c2691295eca73f156f850d464549f2b049bf17d3bae8c8e0cd49674a",
            "directory_permission": "0777",
            "file_permission": "0777",
            "filename": "klm.txt",
            "id": "e926584f03672e58012ea5b3125af58b27877383",
            "sensitive_content": null,
            "source": null
          },
          "sensitive_attributes": [
            [
              {
                "type": "get_attr",
                "value": "sensitive_content"
              }
            ]
          ],
          "dependencies": [
            "module.a2.random_string.r1"
          ]
        }
      ]
    },
    {
      "module": "module.a2",
      "mode": "managed",
      "type": "random_string",
      "name": "r1",
      "provider": "provider[\"registry.terraform.io/hashicorp/random\"]",
      "instances": [
        {
          "schema_version": 2,
          "attributes": {
            "id": "s3Uk)(1Z0=fssH!Pl9HJ50XhdRSnEO",
            "keepers": null,
            "length": 30,
            "lower": true,
            "min_lower": 0,
            "min_numeric": 0,
            "min_special": 0,
            "min_upper": 0,
            "number": true,
            "numeric": true,
            "override_special": null,
            "result": "s3Uk)(1Z0=fssH!Pl9HJ50XhdRSnEO",
            "special": true,
            "upper": true
          },
          "sensitive_attributes": []
        }
      ]
    },
    {
      "module": "module.a3",
      "mode": "managed",
      "type": "local_file",
      "name": "f1",
      "provider": "provider[\"registry.terraform.io/hashicorp/local\"]",
      "instances": [
        {
          "schema_version": 0,
          "attributes": {
            "content": "gorL0ETzsmzdMnuJwITPFqDTgDk1a26HalpArDY1SOiZ9t8FLV",
            "content_base64": null,
            "content_base64sha256": "9MUkoDre/eRFX9zcaDCJ/X3donfFONlo3y0KxyyfyRw=",
            "content_base64sha512": "3rywJA75WzcOIjIeW4LkuluJZz8DXUM4CIudQWzq0quWGm1Vk8tl9uU9AAtSTRZSieHVhzuYJ8xz1N/1jYC34g==",
            "content_md5": "010fcd354763c863eee2ed2ce3d0d7b7",
            "content_sha1": "fdc4fb596fa5bcdc4e633e5e6886cbfb6f2b30d9",
            "content_sha256": "f4c524a03adefde4455fdcdc683089fd7ddda277c538d968df2d0ac72c9fc91c",
            "content_sha512": "debcb0240ef95b370e22321e5b82e4ba5b89673f035d4338088b9d416cead2ab961a6d5593cb65f6e53d000b524d165289e1d5873b9827cc73d4dff58d80b7e2",
            "directory_permission": "0777",
            "file_permission": "0777",
            "filename": "ABCD",
            "id": "fdc4fb596fa5bcdc4e633e5e6886cbfb6f2b30d9",
            "sensitive_content": null,
            "source": null
          },
          "sensitive_attributes": [
            [
              {
                "type": "get_attr",
                "value": "sensitive_content"
              }
            ]
          ],
          "dependencies": [
            "module.a3.random_string.r1"
          ]
        }
      ]
    },
    {
      "module": "module.a3",
      "mode": "managed",
      "type": "random_string",
      "name": "r1",
      "provider": "provider[\"registry.terraform.io/hashicorp/random\"]",
      "instances": [
        {
          "schema_version": 2,
          "attributes": {
            "id": "gorL0ETzsmzdMnuJwITPFqDTgDk1a26HalpArDY1SOiZ9t8FLV",
            "keepers": null,
            "length": 50,
            "lower": true,
            "min_lower": 0,
            "min_numeric": 0,
            "min_special": 0,
            "min_upper": 0,
            "number": true,
            "numeric": true,
            "override_special": null,
            "result": "gorL0ETzsmzdMnuJwITPFqDTgDk1a26HalpArDY1SOiZ9t8FLV",
            "special": false,
            "upper": true
          },
          "sensitive_attributes": []
        }
      ]
    }
  ],
  "check_results": null
}
